PODS:
  - Masonry (1.1.0)
  - PoporIDBankCard (0.0.1):
    - PoporIDBankCard/bank_io (= 0.0.1)
    - PoporIDBankCard/libexidcard (= 0.0.1)
    - PoporIDBankCard/ScanVC (= 0.0.1)
    - PoporIDBankCard/Tool (= 0.0.1)
    - PoporIDBankCard/Views (= 0.0.1)
    - ReactiveCocoa (~> 2.3.1)
  - PoporIDBankCard/bank_io (0.0.1):
    - ReactiveCocoa (~> 2.3.1)
  - PoporIDBankCard/libexidcard (0.0.1):
    - ReactiveCocoa (~> 2.3.1)
  - PoporIDBankCard/ScanVC (0.0.1):
    - ReactiveCocoa (~> 2.3.1)
  - PoporIDBankCard/Tool (0.0.1):
    - ReactiveCocoa (~> 2.3.1)
  - PoporIDBankCard/Views (0.0.1):
    - ReactiveCocoa (~> 2.3.1)
  - ReactiveCocoa (2.3.1):
    - ReactiveCocoa/UI (= 2.3.1)
  - ReactiveCocoa/Core (2.3.1):
    - ReactiveCocoa/no-arc
  - ReactiveCocoa/no-arc (2.3.1)
  - ReactiveCocoa/UI (2.3.1):
    - ReactiveCocoa/Core

DEPENDENCIES:
  - Masonry
  - PoporIDBankCard (from `../`)

SPEC REPOS:
  https://github.com/cocoapods/specs.git:
    - Masonry
    - ReactiveCocoa

EXTERNAL SOURCES:
  PoporIDBankCard:
    :path: "../"

SPEC CHECKSUMS:
  Masonry: 678fab65091a9290e40e2832a55e7ab731aad201
  PoporIDBankCard: 9cd3c2ff227fbedc2ee5d4abf93369b1eeddf3c6
  ReactiveCocoa: 3fe9b233ca6db810e86681b5749488564c1179a1

PODFILE CHECKSUM: 6cd50bf093b69de5ce5d9edc8eaa832eaf1d4c0e

COCOAPODS: 1.5.3
